
Microsoft Visual Studio Solution File, Format Version 12.00
Project("{FAE04EC0-301F-11D3-BF4B-00C04F79EFBC}") = "POAPContract.Tests", "POAPContract\test\POAPContract.Tests.csproj", "{455003CE-1C6F-40B8-84B9-EB40E1FB8406}"
EndProject
Project("{FAE04EC0-301F-11D3-BF4B-00C04F79EFBC}") = "POAPContract", "POAPContract\src\POAPContract.csproj", "{0EAEAE03-3186-4FA2-9D6A-2B579C2FC4B9}"
EndProject
Global
	GlobalSection(SolutionConfigurationPlatforms) = preSolution
		Debug|Any CPU = Debug|Any CPU
		Release|Any CPU = Release|Any CPU
	EndGlobalSection
	GlobalSection(ProjectConfigurationPlatforms) = postSolution
		{455003CE-1C6F-40B8-84B9-EB40E1FB8406}.Debug|Any CPU.ActiveCfg = Debug|Any CPU
		{455003CE-1C6F-40B8-84B9-EB40E1FB8406}.Debug|Any CPU.Build.0 = Debug|Any CPU
		{455003CE-1C6F-40B8-84B9-EB40E1FB8406}.Release|Any CPU.ActiveCfg = Release|Any CPU
		{455003CE-1C6F-40B8-84B9-EB40E1FB8406}.Release|Any CPU.Build.0 = Release|Any CPU
		{0EAEAE03-3186-4FA2-9D6A-2B579C2FC4B9}.Debug|Any CPU.ActiveCfg = Debug|Any CPU
		{0EAEAE03-3186-4FA2-9D6A-2B579C2FC4B9}.Debug|Any CPU.Build.0 = Debug|Any CPU
		{0EAEAE03-3186-4FA2-9D6A-2B579C2FC4B9}.Release|Any CPU.ActiveCfg = Release|Any CPU
		{0EAEAE03-3186-4FA2-9D6A-2B579C2FC4B9}.Release|Any CPU.Build.0 = Release|Any CPU
	EndGlobalSection
EndGlobal
